
Microsoft Visual Studio Solution File, Format Version 12.00
# Visual Studio 15
VisualStudioVersion = 15.0.28010.2048
MinimumVisualStudioVersion = 10.0.40219.1
Project("{9A19103F-16F7-4668-BE54-9A1E7A4F7556}") = "L2O2", "L2O2\L2O2.csproj", "{7995A5D1-4E57-433A-AC90-42F5F4F8B4B1}"
EndProject
Project("{9A19103F-16F7-4668-BE54-9A1E7A4F7556}") = "L2O2.Tests", "L2O2.Tests\L2O2.Tests.csproj", "{D0F14C91-EB42-44CA-931E-9BA7952996DA}"
EndProject
Project("{9A19103F-16F7-4668-BE54-9A1E7A4F7556}") = "L2O2.TestSupport", "L2O2.TestSupport\L2O2.TestSupport.csproj", "{D65D18BF-F29D-41F6-A77A-48746F896AC0}"
EndProject
Project("{9A19103F-16F7-4668-BE54-9A1E7A4F7556}") = "L202.Perf", "L202.Perf\L202.Perf.csproj", "{A85A0C6F-C15C-4985-8AA1-DE6EC96B2C65}"
EndProject
Global
	GlobalSection(Performance) = preSolution
		HasPerformanceSessions = true
	EndGlobalSection
	GlobalSection(SolutionConfigurationPlatforms) = preSolution
		Debug|Any CPU = Debug|Any CPU
		Release|Any CPU = Release|Any CPU
	EndGlobalSection
	GlobalSection(ProjectConfigurationPlatforms) = postSolution
		{7995A5D1-4E57-433A-AC90-42F5F4F8B4B1}.Debug|Any CPU.ActiveCfg = Debug|Any CPU
		{7995A5D1-4E57-433A-AC90-42F5F4F8B4B1}.Debug|Any CPU.Build.0 = Debug|Any CPU
		{7995A5D1-4E57-433A-AC90-42F5F4F8B4B1}.Release|Any CPU.ActiveCfg = Release|Any CPU
		{7995A5D1-4E57-433A-AC90-42F5F4F8B4B1}.Release|Any CPU.Build.0 = Release|Any CPU
		{D0F14C91-EB42-44CA-931E-9BA7952996DA}.Debug|Any CPU.ActiveCfg = Debug|Any CPU
		{D0F14C91-EB42-44CA-931E-9BA7952996DA}.Debug|Any CPU.Build.0 = Debug|Any CPU
		{D0F14C91-EB42-44CA-931E-9BA7952996DA}.Release|Any CPU.ActiveCfg = Release|Any CPU
		{D0F14C91-EB42-44CA-931E-9BA7952996DA}.Release|Any CPU.Build.0 = Release|Any CPU
		{D65D18BF-F29D-41F6-A77A-48746F896AC0}.Debug|Any CPU.ActiveCfg = Debug|Any CPU
		{D65D18BF-F29D-41F6-A77A-48746F896AC0}.Debug|Any CPU.Build.0 = Debug|Any CPU
		{D65D18BF-F29D-41F6-A77A-48746F896AC0}.Release|Any CPU.ActiveCfg = Release|Any CPU
		{D65D18BF-F29D-41F6-A77A-48746F896AC0}.Release|Any CPU.Build.0 = Release|Any CPU
		{A85A0C6F-C15C-4985-8AA1-DE6EC96B2C65}.Debug|Any CPU.ActiveCfg = Debug|Any CPU
		{A85A0C6F-C15C-4985-8AA1-DE6EC96B2C65}.Debug|Any CPU.Build.0 = Debug|Any CPU
		{A85A0C6F-C15C-4985-8AA1-DE6EC96B2C65}.Release|Any CPU.ActiveCfg = Release|Any CPU
		{A85A0C6F-C15C-4985-8AA1-DE6EC96B2C65}.Release|Any CPU.Build.0 = Release|Any CPU
	EndGlobalSection
	GlobalSection(SolutionProperties) = preSolution
		HideSolutionNode = FALSE
	EndGlobalSection
	GlobalSection(ExtensibilityGlobals) = postSolution
		SolutionGuid = {AE848265-D13F-495D-80D4-C60AC88B6E28}
	EndGlobalSection
EndGlobal
